PODS:
  - Capacitor (5.6.0):
    - CapacitorCordova
  - CapacitorCordova (5.6.0)
  - CapacitorDevice (5.0.7):
    - Capacitor

DEPENDENCIES:
  - "Capacitor (from `../../node_modules/@capacitor/ios`)"
  - "CapacitorCordova (from `../../node_modules/@capacitor/ios`)"
  - "CapacitorDevice (from `../../node_modules/@capacitor/device`)"

EXTERNAL SOURCES:
  Capacitor:
    :path: "../../node_modules/@capacitor/ios"
  CapacitorCordova:
    :path: "../../node_modules/@capacitor/ios"
  CapacitorDevice:
    :path: "../../node_modules/@capacitor/device"

SPEC CHECKSUMS:
  Capacitor: ebfc16cdb8116d04c101686b080342872da42d43
  CapacitorCordova: 931b48fcdbc9bc985fc2f16cec9f77c794a27729
  CapacitorDevice: fc91bdb484dc0e70755e9b621cd557afe642613a

PODFILE CHECKSUM: 0f8d5b4b7fa7da7e0cb3dfee5087c48217ca2504

COCOAPODS: 1.15.0
