PODS:
  - Capacitor (5.6.0):
    - CapacitorCordova
  - CapacitorCommunityScreenBrightness (5.0.0):
    - Capacitor
  - CapacitorCordova (5.6.0)
  - CapacitorDevice (5.0.7):
    - Capacitor
  - CapacitorLocalNotifications (5.0.7):
    - Capacitor
  - CapacitorToast (5.0.7):
    - Capacitor
  - CapacitorZeroconf (2.0.0):
    - Capacitor
  - CordovaPlugins (5.6.0):
    - CapacitorCordova
  - MozartecCapacitorMicrophone (5.0.0):
    - Capacitor

DEPENDENCIES:
  - "Capacitor (from `../../node_modules/@capacitor/ios`)"
  - "CapacitorCommunityScreenBrightness (from `../../node_modules/@capacitor-community/screen-brightness`)"
  - "CapacitorCordova (from `../../node_modules/@capacitor/ios`)"
  - "CapacitorDevice (from `../../node_modules/@capacitor/device`)"
  - "CapacitorLocalNotifications (from `../../node_modules/@capacitor/local-notifications`)"
  - "CapacitorToast (from `../../node_modules/@capacitor/toast`)"
  - CapacitorZeroconf (from `../../node_modules/capacitor-zeroconf`)
  - CordovaPlugins (from `../capacitor-cordova-ios-plugins`)
  - "MozartecCapacitorMicrophone (from `../../node_modules/@mozartec/capacitor-microphone`)"

EXTERNAL SOURCES:
  Capacitor:
    :path: "../../node_modules/@capacitor/ios"
  CapacitorCommunityScreenBrightness:
    :path: "../../node_modules/@capacitor-community/screen-brightness"
  CapacitorCordova:
    :path: "../../node_modules/@capacitor/ios"
  CapacitorDevice:
    :path: "../../node_modules/@capacitor/device"
  CapacitorLocalNotifications:
    :path: "../../node_modules/@capacitor/local-notifications"
  CapacitorToast:
    :path: "../../node_modules/@capacitor/toast"
  CapacitorZeroconf:
    :path: "../../node_modules/capacitor-zeroconf"
  CordovaPlugins:
    :path: "../capacitor-cordova-ios-plugins"
  MozartecCapacitorMicrophone:
    :path: "../../node_modules/@mozartec/capacitor-microphone"

SPEC CHECKSUMS:
  Capacitor: ebfc16cdb8116d04c101686b080342872da42d43
  CapacitorCommunityScreenBrightness: b2d9c6fffee6b684994cd69f727f2090e2f05c6d
  CapacitorCordova: 931b48fcdbc9bc985fc2f16cec9f77c794a27729
  CapacitorDevice: fc91bdb484dc0e70755e9b621cd557afe642613a
  CapacitorLocalNotifications: c58afadd159f6bc540ef9b3cbdbc82510a2bf112
  CapacitorToast: c8bb89eeb59a23c1fc298f138cc06c8ff4d90ac1
  CapacitorZeroconf: 310daf09c97a6897e7bdd91e68a70faac36a440a
  CordovaPlugins: dae7dac59b3cce58f5a7ce3894709d8f0f824656
  MozartecCapacitorMicrophone: 78fa61dd3a64f2f017602bff9f51f88acb872a4c

PODFILE CHECKSUM: 1ec60700ceb2f67a24fb02efdac5116627fee660

COCOAPODS: 1.15.0
